
Microsoft Visual Studio Solution File, Format Version 11.00
# Visual Studio 2010
Project("{FAE04EC0-301F-11D3-BF4B-00C04F79EFBC}") = "Bhm.Model", "Bhm.Model\Bhm.Model.csproj", "{2FB2D519-9D5A-47BA-94EB-2A8A7422C9BB}"
EndProject
Project("{FAE04EC0-301F-11D3-BF4B-00C04F79EFBC}") = "Bhm.Presentation", "Bhm.Presentation\Bhm.Presentation.csproj", "{26CBEF47-42D0-4E66-9506-956C910FCCB0}"
EndProject
Global
	GlobalSection(SolutionConfigurationPlatforms) = preSolution
		Debug|Any CPU = Debug|Any CPU
		Debug|Mixed Platforms = Debug|Mixed Platforms
		Debug|x86 = Debug|x86
		Release|Any CPU = Release|Any CPU
		Release|Mixed Platforms = Release|Mixed Platforms
		Release|x86 = Release|x86
	EndGlobalSection
	GlobalSection(ProjectConfigurationPlatforms) = postSolution
		{2FB2D519-9D5A-47BA-94EB-2A8A7422C9BB}.Debug|Any CPU.ActiveCfg = Debug|Any CPU
		{2FB2D519-9D5A-47BA-94EB-2A8A7422C9BB}.Debug|Any CPU.Build.0 = Debug|Any CPU
		{2FB2D519-9D5A-47BA-94EB-2A8A7422C9BB}.Debug|Mixed Platforms.ActiveCfg = Debug|Any CPU
		{2FB2D519-9D5A-47BA-94EB-2A8A7422C9BB}.Debug|Mixed Platforms.Build.0 = Debug|Any CPU
		{2FB2D519-9D5A-47BA-94EB-2A8A7422C9BB}.Debug|x86.ActiveCfg = Debug|Any CPU
		{2FB2D519-9D5A-47BA-94EB-2A8A7422C9BB}.Release|Any CPU.ActiveCfg = Release|Any CPU
		{2FB2D519-9D5A-47BA-94EB-2A8A7422C9BB}.Release|Any CPU.Build.0 = Release|Any CPU
		{2FB2D519-9D5A-47BA-94EB-2A8A7422C9BB}.Release|Mixed Platforms.ActiveCfg = Release|Any CPU
		{2FB2D519-9D5A-47BA-94EB-2A8A7422C9BB}.Release|Mixed Platforms.Build.0 = Release|Any CPU
		{2FB2D519-9D5A-47BA-94EB-2A8A7422C9BB}.Release|x86.ActiveCfg = Release|Any CPU
		{26CBEF47-42D0-4E66-9506-956C910FCCB0}.Debug|Any CPU.ActiveCfg = Debug|x86
		{26CBEF47-42D0-4E66-9506-956C910FCCB0}.Debug|Mixed Platforms.ActiveCfg = Debug|x86
		{26CBEF47-42D0-4E66-9506-956C910FCCB0}.Debug|Mixed Platforms.Build.0 = Debug|x86
		{26CBEF47-42D0-4E66-9506-956C910FCCB0}.Debug|x86.ActiveCfg = Debug|x86
		{26CBEF47-42D0-4E66-9506-956C910FCCB0}.Debug|x86.Build.0 = Debug|x86
		{26CBEF47-42D0-4E66-9506-956C910FCCB0}.Release|Any CPU.ActiveCfg = Release|x86
		{26CBEF47-42D0-4E66-9506-956C910FCCB0}.Release|Mixed Platforms.ActiveCfg = Release|x86
		{26CBEF47-42D0-4E66-9506-956C910FCCB0}.Release|Mixed Platforms.Build.0 = Release|x86
		{26CBEF47-42D0-4E66-9506-956C910FCCB0}.Release|x86.ActiveCfg = Release|x86
		{26CBEF47-42D0-4E66-9506-956C910FCCB0}.Release|x86.Build.0 = Release|x86
	EndGlobalSection
	GlobalSection(SolutionProperties) = preSolution
		HideSolutionNode = FALSE
	EndGlobalSection
EndGlobal
